
Microsoft Visual Studio Solution File, Format Version 12.00
# Visual Studio Version 17
VisualStudioVersion = 17.1.32414.318
MinimumVisualStudioVersion = 10.0.40219.1
Project("{FAE04EC0-301F-11D3-BF4B-00C04F79EFBC}") = "Project1", "Project1\Project1.csproj", "{2123A503-EF90-41BF-8FEF-F62BC4DE9A24}"
EndProject
Global
	GlobalSection(SolutionConfigurationPlatforms) = preSolution
		Debug|Any CPU = Debug|Any CPU
		Release|Any CPU = Release|Any CPU
	EndGlobalSection
	GlobalSection(ProjectConfigurationPlatforms) = postSolution
		{2123A503-EF90-41BF-8FEF-F62BC4DE9A24}.Debug|Any CPU.ActiveCfg = Debug|Any CPU
		{2123A503-EF90-41BF-8FEF-F62BC4DE9A24}.Debug|Any CPU.Build.0 = Debug|Any CPU
		{2123A503-EF90-41BF-8FEF-F62BC4DE9A24}.Release|Any CPU.ActiveCfg = Release|Any CPU
		{2123A503-EF90-41BF-8FEF-F62BC4DE9A24}.Release|Any CPU.Build.0 = Release|Any CPU
	EndGlobalSection
	GlobalSection(SolutionProperties) = preSolution
		HideSolutionNode = FALSE
	EndGlobalSection
	GlobalSection(ExtensibilityGlobals) = postSolution
		SolutionGuid = {8E21AD10-26E8-4862-A4E3-2899EB2711E7}
	EndGlobalSection
EndGlobal
